lockfileVersion: 5.4

specifiers:
  '@aws-sdk/client-lambda': ^3.299.0
  '@types/node': '16'

dependencies:
  '@aws-sdk/client-lambda': 3.299.0
  '@types/node': 16.18.19

packages:

  /@aws-crypto/ie11-detection/3.0.0:
    resolution: {integrity: sha512-341lBBkiY1DfDNKai/wXM3aujNBkXR7tq1URPQDL9wi3AUbI80NR74uF1TXHMm7po1AcnFk8iu2S2IeU/+/A+Q==}
    dependencies:
      tslib: 1.14.1
    dev: false

  /@aws-crypto/sha256-browser/3.0.0:
    resolution: {integrity: sha512-8VLmW2B+gjFbU5uMeqtQM6Nj0/F1bro80xQXCW6CQBWgosFWXTx77aeOF5CAIAmbOK64SdMBJdNr6J41yP5mvQ==}
    dependencies:
      '@aws-crypto/ie11-detection': 3.0.0
      '@aws-crypto/sha256-js': 3.0.0
      '@aws-crypto/supports-web-crypto': 3.0.0
      '@aws-crypto/util': 3.0.0
      '@aws-sdk/types': 3.296.0
      '@aws-sdk/util-locate-window': 3.295.0
      '@aws-sdk/util-utf8-browser': 3.259.0
      tslib: 1.14.1
    dev: false

  /@aws-crypto/sha256-js/3.0.0:
    resolution: {integrity: sha512-PnNN7os0+yd1XvXAy23CFOmTbMaDxgxXtTKHybrJ39Y8kGzBATgBFibWJKH6BhytLI/Zyszs87xCOBNyBig6vQ==}
    dependencies:
      '@aws-crypto/util': 3.0.0
      '@aws-sdk/types': 3.296.0
      tslib: 1.14.1
    dev: false

  /@aws-crypto/supports-web-crypto/3.0.0:
    resolution: {integrity: sha512-06hBdMwUAb2WFTuGG73LSC0wfPu93xWwo5vL2et9eymgmu3Id5vFAHBbajVWiGhPO37qcsdCap/FqXvJGJWPIg==}
    dependencies:
      tslib: 1.14.1
    dev: false

  /@aws-crypto/util/3.0.0:
    resolution: {integrity: sha512-2OJlpeJpCR48CC8r+uKVChzs9Iungj9wkZrl8Z041DWEWvyIHILYKCPNzJghKsivj+S3mLo6BVc7mBNzdxA46w==}
    dependencies:
      '@aws-sdk/types': 3.296.0
      '@aws-sdk/util-utf8-browser': 3.259.0
      tslib: 1.14.1
    dev: false

  /@aws-sdk/abort-controller/3.296.0:
    resolution: {integrity: sha512-gNUFBlBw6+sEMfDjPVa83iscpQwXBS4uoiZXnfeQ6s6tnaxqQpJDrBBmNvYqDEXNdaAJX4FhayEwkSvtir/f3A==}
    engines: {node: '>=14.0.0'}
    dependencies:
      '@aws-sdk/types': 3.296.0
      tslib: 2.5.0
    dev: false

  /@aws-sdk/client-lambda/3.299.0:
    resolution: {integrity: sha512-KkddghQHxnHi7FM0btY+GrTo3fMZycP5gNI+3Te97teboaGMH81PtDz51n3gjQWPsygGi5wmuvUcd1yPKDC1NQ==}
    engines: {node: '>=14.0.0'}
    dependencies:
      '@aws-crypto/sha256-browser': 3.0.0
      '@aws-crypto/sha256-js': 3.0.0
      '@aws-sdk/client-sts': 3.299.0
      '@aws-sdk/config-resolver': 3.299.0
      '@aws-sdk/credential-provider-node': 3.299.0
      '@aws-sdk/fetch-http-handler': 3.296.0
      '@aws-sdk/hash-node': 3.296.0
      '@aws-sdk/invalid-dependency': 3.296.0
      '@aws-sdk/middleware-content-length': 3.296.0
      '@aws-sdk/middleware-endpoint': 3.299.0
      '@aws-sdk/middleware-host-header': 3.296.0
      '@aws-sdk/middleware-logger': 3.296.0
      '@aws-sdk/middleware-recursion-detection': 3.296.0
      '@aws-sdk/middleware-retry': 3.296.0
      '@aws-sdk/middleware-serde': 3.296.0
      '@aws-sdk/middleware-signing': 3.299.0
      '@aws-sdk/middleware-stack': 3.296.0
      '@aws-sdk/middleware-user-agent': 3.299.0
      '@aws-sdk/node-config-provider': 3.296.0
      '@aws-sdk/node-http-handler': 3.296.0
      '@aws-sdk/protocol-http': 3.296.0
      '@aws-sdk/smithy-client': 3.296.0
      '@aws-sdk/types': 3.296.0
      '@aws-sdk/url-parser': 3.296.0
      '@aws-sdk/util-base64': 3.295.0
      '@aws-sdk/util-body-length-browser': 3.295.0
      '@aws-sdk/util-body-length-node': 3.295.0
      '@aws-sdk/util-defaults-mode-browser': 3.296.0
      '@aws-sdk/util-defaults-mode-node': 3.299.0
      '@aws-sdk/util-endpoints': 3.296.0
      '@aws-sdk/util-retry': 3.296.0
      '@aws-sdk/util-user-agent-browser': 3.299.0
      '@aws-sdk/util-user-agent-node': 3.299.0
      '@aws-sdk/util-utf8': 3.295.0
      '@aws-sdk/util-waiter': 3.296.0
      tslib: 2.5.0
    transitivePeerDependencies:
      - aws-crt
    dev: false

  /@aws-sdk/client-sso-oidc/3.299.0:
    resolution: {integrity: sha512-IUt8L0TCM8GH0SCYH3Le0S52fdgUXIkhxpPtAX/2QPxlBBIMLAiyDIIEc1RUMyzhombRO1agQkwwE6Qtx8NQ/Q==}
    engines: {node: '>=14.0.0'}
    dependencies:
      '@aws-crypto/sha256-browser': 3.0.0
      '@aws-crypto/sha256-js': 3.0.0
      '@aws-sdk/config-resolver': 3.299.0
      '@aws-sdk/fetch-http-handler': 3.296.0
      '@aws-sdk/hash-node': 3.296.0
      '@aws-sdk/invalid-dependency': 3.296.0
      '@aws-sdk/middleware-content-length': 3.296.0
      '@aws-sdk/middleware-endpoint': 3.299.0
      '@aws-sdk/middleware-host-header': 3.296.0
      '@aws-sdk/middleware-logger': 3.296.0
      '@aws-sdk/middleware-recursion-detection': 3.296.0
      '@aws-sdk/middleware-retry': 3.296.0
      '@aws-sdk/middleware-serde': 3.296.0
      '@aws-sdk/middleware-stack': 3.296.0
      '@aws-sdk/middleware-user-agent': 3.299.0
      '@aws-sdk/node-config-provider': 3.296.0
      '@aws-sdk/node-http-handler': 3.296.0
      '@aws-sdk/protocol-http': 3.296.0
      '@aws-sdk/smithy-client': 3.296.0
      '@aws-sdk/types': 3.296.0
      '@aws-sdk/url-parser': 3.296.0
      '@aws-sdk/util-base64': 3.295.0
      '@aws-sdk/util-body-length-browser': 3.295.0
      '@aws-sdk/util-body-length-node': 3.295.0
      '@aws-sdk/util-defaults-mode-browser': 3.296.0
      '@aws-sdk/util-defaults-mode-node': 3.299.0
      '@aws-sdk/util-endpoints': 3.296.0
      '@aws-sdk/util-retry': 3.296.0
      '@aws-sdk/util-user-agent-browser': 3.299.0
      '@aws-sdk/util-user-agent-node': 3.299.0
      '@aws-sdk/util-utf8': 3.295.0
      tslib: 2.5.0
    transitivePeerDependencies:
      - aws-crt
    dev: false

  /@aws-sdk/client-sso/3.299.0:
    resolution: {integrity: sha512-SZ6LehIW3sxtKqH78gTJg6rIKqtqYRIOLP5NNhp6HTWvVfmvOxGc1NtVDxLiTzJOf1xEXY+DgoNuBVO2XXqsxA==}
    engines: {node: '>=14.0.0'}
    dependencies:
      '@aws-crypto/sha256-browser': 3.0.0
      '@aws-crypto/sha256-js': 3.0.0
      '@aws-sdk/config-resolver': 3.299.0
      '@aws-sdk/fetch-http-handler': 3.296.0
      '@aws-sdk/hash-node': 3.296.0
      '@aws-sdk/invalid-dependency': 3.296.0
      '@aws-sdk/middleware-content-length': 3.296.0
      '@aws-sdk/middleware-endpoint': 3.299.0
      '@aws-sdk/middleware-host-header': 3.296.0
      '@aws-sdk/middleware-logger': 3.296.0
      '@aws-sdk/middleware-recursion-detection': 3.296.0
      '@aws-sdk/middleware-retry': 3.296.0
      '@aws-sdk/middleware-serde': 3.296.0
      '@aws-sdk/middleware-stack': 3.296.0
      '@aws-sdk/middleware-user-agent': 3.299.0
      '@aws-sdk/node-config-provider': 3.296.0
      '@aws-sdk/node-http-handler': 3.296.0
      '@aws-sdk/protocol-http': 3.296.0
      '@aws-sdk/smithy-client': 3.296.0
      '@aws-sdk/types': 3.296.0
      '@aws-sdk/url-parser': 3.296.0
      '@aws-sdk/util-base64': 3.295.0
      '@aws-sdk/util-body-length-browser': 3.295.0
      '@aws-sdk/util-body-length-node': 3.295.0
      '@aws-sdk/util-defaults-mode-browser': 3.296.0
      '@aws-sdk/util-defaults-mode-node': 3.299.0
      '@aws-sdk/util-endpoints': 3.296.0
      '@aws-sdk/util-retry': 3.296.0
      '@aws-sdk/util-user-agent-browser': 3.299.0
      '@aws-sdk/util-user-agent-node': 3.299.0
      '@aws-sdk/util-utf8': 3.295.0
      tslib: 2.5.0
    transitivePeerDependencies:
      - aws-crt
    dev: false

  /@aws-sdk/client-sts/3.299.0:
    resolution: {integrity: sha512-p+JPaCbom4HmhBe1ko53F8Jgbmi9MOXHJBf83UOeYcWJsECm0me8RWogl7bgnfxdemsS40INk5t4JxMLmNS3MQ==}
    engines: {node: '>=14.0.0'}
    dependencies:
      '@aws-crypto/sha256-browser': 3.0.0
      '@aws-crypto/sha256-js': 3.0.0
      '@aws-sdk/config-resolver': 3.299.0
      '@aws-sdk/credential-provider-node': 3.299.0
      '@aws-sdk/fetch-http-handler': 3.296.0
      '@aws-sdk/hash-node': 3.296.0
      '@aws-sdk/invalid-dependency': 3.296.0
      '@aws-sdk/middleware-content-length': 3.296.0
      '@aws-sdk/middleware-endpoint': 3.299.0
      '@aws-sdk/middleware-host-header': 3.296.0
      '@aws-sdk/middleware-logger': 3.296.0
      '@aws-sdk/middleware-recursion-detection': 3.296.0
      '@aws-sdk/middleware-retry': 3.296.0
      '@aws-sdk/middleware-sdk-sts': 3.299.0
      '@aws-sdk/middleware-serde': 3.296.0
      '@aws-sdk/middleware-signing': 3.299.0
      '@aws-sdk/middleware-stack': 3.296.0
      '@aws-sdk/middleware-user-agent': 3.299.0
      '@aws-sdk/node-config-provider': 3.296.0
      '@aws-sdk/node-http-handler': 3.296.0
      '@aws-sdk/protocol-http': 3.296.0
      '@aws-sdk/smithy-client': 3.296.0
      '@aws-sdk/types': 3.296.0
      '@aws-sdk/url-parser': 3.296.0
      '@aws-sdk/util-base64': 3.295.0
      '@aws-sdk/util-body-length-browser': 3.295.0
      '@aws-sdk/util-body-length-node': 3.295.0
      '@aws-sdk/util-defaults-mode-browser': 3.296.0
      '@aws-sdk/util-defaults-mode-node': 3.299.0
      '@aws-sdk/util-endpoints': 3.296.0
      '@aws-sdk/util-retry': 3.296.0
      '@aws-sdk/util-user-agent-browser': 3.299.0
      '@aws-sdk/util-user-agent-node': 3.299.0
      '@aws-sdk/util-utf8': 3.295.0
      fast-xml-parser: 4.1.2
      tslib: 2.5.0
    transitivePeerDependencies:
      - aws-crt
    dev: false

  /@aws-sdk/config-resolver/3.299.0:
    resolution: {integrity: sha512-MpaAI7CWMx0ci2UcbMmJg+Xf8f1D6+I1VCpzaCgaMeJyHsID5q52VWG8qSD/QzxPU8Pb3TmmA0D0YDRKpCwRcA==}
    engines: {node: '>=14.0.0'}
    dependencies:
      '@aws-sdk/types': 3.296.0
      '@aws-sdk/util-config-provider': 3.295.0
      '@aws-sdk/util-middleware': 3.296.0
      tslib: 2.5.0
    dev: false

  /@aws-sdk/credential-provider-env/3.296.0:
    resolution: {integrity: sha512-eDWSU3p04gytkkVXnYn05YzrP5SEaj/DQiafd4y+iBl8IFfF3zM6982rs6qFhvpwrHeSbLqHNfKR1HDWVwfG5g==}
    engines: {node: '>=14.0.0'}
    dependencies:
      '@aws-sdk/property-provider': 3.296.0
      '@aws-sdk/types': 3.296.0
      tslib: 2.5.0
    dev: false

  /@aws-sdk/credential-provider-imds/3.296.0:
    resolution: {integrity: sha512-DXqksHyT/GVVYbPGknMARKi6Rk6cqCHJUAejePIx5cz1SCKlDrV704hykafHIjaDoy/Zeoj1wzjfwy83sJfDCg==}
    engines: {node: '>=14.0.0'}
    dependencies:
      '@aws-sdk/node-config-provider': 3.296.0
      '@aws-sdk/property-provider': 3.296.0
      '@aws-sdk/types': 3.296.0
      '@aws-sdk/url-parser': 3.296.0
      tslib: 2.5.0
    dev: false

  /@aws-sdk/credential-provider-ini/3.299.0:
    resolution: {integrity: sha512-KMJDzK1iCMc9j0aIsui9hoLXcrgJCioycD/64nR+Z3a+qOtoC5qIsrh/craNQU/PxhHSdp79iZq8FJgP8SCPwA==}
    engines: {node: '>=14.0.0'}
    dependencies:
      '@aws-sdk/credential-provider-env': 3.296.0
      '@aws-sdk/credential-provider-imds': 3.296.0
      '@aws-sdk/credential-provider-process': 3.296.0
      '@aws-sdk/credential-provider-sso': 3.299.0
      '@aws-sdk/credential-provider-web-identity': 3.296.0
      '@aws-sdk/property-provider': 3.296.0
      '@aws-sdk/shared-ini-file-loader': 3.296.0
      '@aws-sdk/types': 3.296.0
      tslib: 2.5.0
    transitivePeerDependencies:
      - aws-crt
    dev: false

  /@aws-sdk/credential-provider-node/3.299.0:
    resolution: {integrity: sha512-lEQa4i17WKg2M1by6RWKjSOPPg/2S8GOiWsdwoKNXqjxPb4UZbikC+ASTySwNcKHPWNjgTg8FLL3XrcqEY9PLg==}
    engines: {node: '>=14.0.0'}
    dependencies:
      '@aws-sdk/credential-provider-env': 3.296.0
      '@aws-sdk/credential-provider-imds': 3.296.0
      '@aws-sdk/credential-provider-ini': 3.299.0
      '@aws-sdk/credential-provider-process': 3.296.0
      '@aws-sdk/credential-provider-sso': 3.299.0
      '@aws-sdk/credential-provider-web-identity': 3.296.0
      '@aws-sdk/property-provider': 3.296.0
      '@aws-sdk/shared-ini-file-loader': 3.296.0
      '@aws-sdk/types': 3.296.0
      tslib: 2.5.0
    transitivePeerDependencies:
      - aws-crt
    dev: false

  /@aws-sdk/credential-provider-process/3.296.0:
    resolution: {integrity: sha512-AY7sTX2dGi8ripuCpcJLYHOZB2wJ6NnseyK/kK5TfJn/pgboKwuGtz0hkJCVprNWomKa6IpHksm7vLQ4O2E+UA==}
    engines: {node: '>=14.0.0'}
    dependencies:
      '@aws-sdk/property-provider': 3.296.0
      '@aws-sdk/shared-ini-file-loader': 3.296.0
      '@aws-sdk/types': 3.296.0
      tslib: 2.5.0
    dev: false

  /@aws-sdk/credential-provider-sso/3.299.0:
    resolution: {integrity: sha512-84Ym0nSsjAI7s8OaHnx6nNotCncneLy7vFXJwZyLQjzAjYHm1lDkEDaI0WcZagMO82HqcJXhA5AEVzUycNCIfw==}
    engines: {node: '>=14.0.0'}
    dependencies:
      '@aws-sdk/client-sso': 3.299.0
      '@aws-sdk/property-provider': 3.296.0
      '@aws-sdk/shared-ini-file-loader': 3.296.0
      '@aws-sdk/token-providers': 3.299.0
      '@aws-sdk/types': 3.296.0
      tslib: 2.5.0
    transitivePeerDependencies:
      - aws-crt
    dev: false

  /@aws-sdk/credential-provider-web-identity/3.296.0:
    resolution: {integrity: sha512-Rl6Ohoekxe+pccA55XXQDW5wApbg3rGWr6FkmPRcg7Ld6Vfe+HL8OtfsFf83/0eoFerevbif+00BdknXWT05LA==}
    engines: {node: '>=14.0.0'}
    dependencies:
      '@aws-sdk/property-provider': 3.296.0
      '@aws-sdk/types': 3.296.0
      tslib: 2.5.0
    dev: false

  /@aws-sdk/fetch-http-handler/3.296.0:
    resolution: {integrity: sha512-wHuKQ+PGKQkYGVuIGscbcbbASl8yIVOSC+QTrZQ4PNsMDvQd9ey2npsmxZk1Z2ULaxY+qYtZCmByyGc8k51TtQ==}
    dependencies:
      '@aws-sdk/protocol-http': 3.296.0
      '@aws-sdk/querystring-builder': 3.296.0
      '@aws-sdk/types': 3.296.0
      '@aws-sdk/util-base64': 3.295.0
      tslib: 2.5.0
    dev: false

  /@aws-sdk/hash-node/3.296.0:
    resolution: {integrity: sha512-01Sgxm0NE3rtEznLY8vx1bfNsIeM5Sk5SjY9RXqnvCf9EyaKH9x5FMS/DX/SgDdIYi3aXbTwiwScNVCNBzOIQA==}
    engines: {node: '>=14.0.0'}
    dependencies:
      '@aws-sdk/types': 3.296.0
      '@aws-sdk/util-buffer-from': 3.295.0
      '@aws-sdk/util-utf8': 3.295.0
      tslib: 2.5.0
    dev: false

  /@aws-sdk/invalid-dependency/3.296.0:
    resolution: {integrity: sha512-dmy4fUds0woHGjxwziaSYCLtb/SOfoEeQjW0GFvHj+YGFyY5hJzna4C759Tt8X5obh1evUXlQcH+FL7TS+7tRQ==}
    dependencies:
      '@aws-sdk/types': 3.296.0
      tslib: 2.5.0
    dev: false

  /@aws-sdk/is-array-buffer/3.295.0:
    resolution: {integrity: sha512-SCIt10cr5dud7hvwveU4wkLjvkGssJ3GrcbHCds2NwI+JHmpcaaNYLAqi305JAuT29T36U5ssTFDSmrrEOcfag==}
    engines: {node: '>=14.0.0'}
    dependencies:
      tslib: 2.5.0
    dev: false

  /@aws-sdk/middleware-content-length/3.296.0:
    resolution: {integrity: sha512-e7lJm3kkC2pWZdIw23gpMUk1GrpRTBRqhdFfVwyduXw6Wo4nBYv8Z5MOYy3/SlpjE1BDCaPBoZ3O19cO3arHxg==}
    engines: {node: '>=14.0.0'}
    dependencies:
      '@aws-sdk/protocol-http': 3.296.0
      '@aws-sdk/types': 3.296.0
      tslib: 2.5.0
    dev: false

  /@aws-sdk/middleware-endpoint/3.299.0:
    resolution: {integrity: sha512-37BGxHem6yKjSC6zG2xPjvjE7APIDIvwkxL+/K1Jz9+T6AZITcs7tx5y6mIfvaHsdPuCKjrl7Wzg/9jgUKuLkw==}
    engines: {node: '>=14.0.0'}
    dependencies:
      '@aws-sdk/middleware-serde': 3.296.0
      '@aws-sdk/types': 3.296.0
      '@aws-sdk/url-parser': 3.296.0
      '@aws-sdk/util-middleware': 3.296.0
      tslib: 2.5.0
    dev: false

  /@aws-sdk/middleware-host-header/3.296.0:
    resolution: {integrity: sha512-V47dFtfkX5lXWv9GDp71gZVCRws4fEdQ9QF9BQ/2UMSNrYjQLg6mFe7NibH+IJoNOid2FIwWIl94Eos636VGYQ==}
    engines: {node: '>=14.0.0'}
    dependencies:
      '@aws-sdk/protocol-http': 3.296.0
      '@aws-sdk/types': 3.296.0
      tslib: 2.5.0
    dev: false

  /@aws-sdk/middleware-logger/3.296.0:
    resolution: {integrity: sha512-LzfEEFyBR9LXdWwLdtBrmi1vLdzgdJNntEgzqktVF8LwaCyY+9xIE6TGu/2V+9fJHAwECxjOC1eQbNQdAZ0Tmw==}
    engines: {node: '>=14.0.0'}
    dependencies:
      '@aws-sdk/types': 3.296.0
      tslib: 2.5.0
    dev: false

  /@aws-sdk/middleware-recursion-detection/3.296.0:
    resolution: {integrity: sha512-UG7TLDPz9ImQG0uVklHTxE9Us7rTImwN+6el6qZCpoTBuGeXgOkfb0/p8izJyFgY/hMUR4cZqs7IdCDUkxQF3w==}
    engines: {node: '>=14.0.0'}
    dependencies:
      '@aws-sdk/protocol-http': 3.296.0
      '@aws-sdk/types': 3.296.0
      tslib: 2.5.0
    dev: false

  /@aws-sdk/middleware-retry/3.296.0:
    resolution: {integrity: sha512-Tz3gDZm5viQg7BG5bF9Cg0qbm4+Ur3a7wcGkj1XHQdzGDYR76gxvU0bfnSNUmWRz3kaVNyISyXSOUygG0cbhbw==}
    engines: {node: '>=14.0.0'}
    dependencies:
      '@aws-sdk/protocol-http': 3.296.0
      '@aws-sdk/service-error-classification': 3.296.0
      '@aws-sdk/types': 3.296.0
      '@aws-sdk/util-middleware': 3.296.0
      '@aws-sdk/util-retry': 3.296.0
      tslib: 2.5.0
      uuid: 8.3.2
    dev: false

  /@aws-sdk/middleware-sdk-sts/3.299.0:
    resolution: {integrity: sha512-yE7IiMQpF1FYqLSYOei4AYM9z62ayFfMMyhKE9IFs+TVaag97uz8NaRlr88HDTcBCZ0CMl6UwNJlZytPD4NjCw==}
    engines: {node: '>=14.0.0'}
    dependencies:
      '@aws-sdk/middleware-signing': 3.299.0
      '@aws-sdk/types': 3.296.0
      tslib: 2.5.0
    dev: false

  /@aws-sdk/middleware-serde/3.296.0:
    resolution: {integrity: sha512-xk2PpWAAX758oUTGkGBAncpOr7ddIXisjD2Y2r9DDXuE4JMho2x6zcrVSiYsGIQ6MHZ9XNJKBVDiK9PA4iQWGQ==}
    engines: {node: '>=14.0.0'}
    dependencies:
      '@aws-sdk/types': 3.296.0
      tslib: 2.5.0
    dev: false

  /@aws-sdk/middleware-signing/3.299.0:
    resolution: {integrity: sha512-anhrjeNuo0470QodEmzteFMnqABNebL900yhfODySXCMiaoeTBpo8Qd8t4q4O8PizA7FeLYA3l/5tb/udp7qew==}
    engines: {node: '>=14.0.0'}
    dependencies:
      '@aws-sdk/property-provider': 3.296.0
      '@aws-sdk/protocol-http': 3.296.0
      '@aws-sdk/signature-v4': 3.299.0
      '@aws-sdk/types': 3.296.0
      '@aws-sdk/util-middleware': 3.296.0
      tslib: 2.5.0
    dev: false

  /@aws-sdk/middleware-stack/3.296.0:
    resolution: {integrity: sha512-Rgo7/mdk9tt4qa9+pzG3AoGNhuj7NmnF5H+3DoPm75h58BYP8hKbKobdPGgI2rZLPtO3PGgmyw/4K4tQJPIZ8g==}
    engines: {node: '>=14.0.0'}
    dependencies:
      tslib: 2.5.0
    dev: false

  /@aws-sdk/middleware-user-agent/3.299.0:
    resolution: {integrity: sha512-Brm5UcbRhuVVmmbpDN8/WSJPCHogV64jGXL5upfL+iJ0c5eZ57LXOZ8kz++t3BU1rEkSIXHJanneEmn7Wbd5sA==}
    engines: {node: '>=14.0.0'}
    dependencies:
      '@aws-sdk/protocol-http': 3.296.0
      '@aws-sdk/types': 3.296.0
      '@aws-sdk/util-endpoints': 3.296.0
      tslib: 2.5.0
    dev: false

  /@aws-sdk/node-config-provider/3.296.0:
    resolution: {integrity: sha512-S/tYcuw9ACOWRmRe5oUkmutQ+TApjVs0yDl504DKs74f3p4kRgI/MGWkBiR3mcfThHaxu81z0gkRL2qfW2SDwg==}
    engines: {node: '>=14.0.0'}
    dependencies:
      '@aws-sdk/property-provider': 3.296.0
      '@aws-sdk/shared-ini-file-loader': 3.296.0
      '@aws-sdk/types': 3.296.0
      tslib: 2.5.0
    dev: false

  /@aws-sdk/node-http-handler/3.296.0:
    resolution: {integrity: sha512-D15jjPqYSNhEq58BwkmIpD3VwqG4bL5acAaNu5wWAI4S4236JlG+nmpi3gEeE25z1KCwtBl7G30fVRgXYJ2CWA==}
    engines: {node: '>=14.0.0'}
    dependencies:
      '@aws-sdk/abort-controller': 3.296.0
      '@aws-sdk/protocol-http': 3.296.0
      '@aws-sdk/querystring-builder': 3.296.0
      '@aws-sdk/types': 3.296.0
      tslib: 2.5.0
    dev: false

  /@aws-sdk/property-provider/3.296.0:
    resolution: {integrity: sha512-kjczxE9Od5LoAKQOmxVWISJ9oPG3aCsB+2+NdI+k9EJFDXUUdMcVV3Skei5uHGgKLMsI6CZy8ezZx6YxOSLSew==}
    engines: {node: '>=14.0.0'}
    dependencies:
      '@aws-sdk/types': 3.296.0
      tslib: 2.5.0
    dev: false

  /@aws-sdk/protocol-http/3.296.0:
    resolution: {integrity: sha512-0U1Z/+tpwdRiSToWo1bpdkbTzjbLugTnd02ATjvK4B7zi363SUGlKfoWgV+v7FU/22CIUI1ZIe7XzXvq5rJfjA==}
    engines: {node: '>=14.0.0'}
    dependencies:
      '@aws-sdk/types': 3.296.0
      tslib: 2.5.0
    dev: false

  /@aws-sdk/querystring-builder/3.296.0:
    resolution: {integrity: sha512-+ZrZdTRaVI1R1xKQNrTwuiRoPateUaJ/DNw/myJpTPt+ZRg0H7LKBGaJYwL4pl5l/z1UM/E1fOttSfSW7GHxfw==}
    engines: {node: '>=14.0.0'}
    dependencies:
      '@aws-sdk/types': 3.296.0
      '@aws-sdk/util-uri-escape': 3.295.0
      tslib: 2.5.0
    dev: false

  /@aws-sdk/querystring-parser/3.296.0:
    resolution: {integrity: sha512-nLNZKVQfK42euv7101cE5qfg17YCtGcfccx3B5XSAzvyTROR46kwYqbEvYSsWisbZoRhbQc905gB/5E0U5HDIw==}
    engines: {node: '>=14.0.0'}
    dependencies:
      '@aws-sdk/types': 3.296.0
      tslib: 2.5.0
    dev: false

  /@aws-sdk/service-error-classification/3.296.0:
    resolution: {integrity: sha512-YIsWSQ38e1+FqXz3CMrkKS0JD8OLlHf6I72PJhbfegePpQQFqi9R8OREjP5V7UR9Z972yruv4i96ROH6SCtmoA==}
    engines: {node: '>=14.0.0'}
    dev: false

  /@aws-sdk/shared-ini-file-loader/3.296.0:
    resolution: {integrity: sha512-S31VfdiruN2trayoeB7HifsEB+WXhtfECosj90K903rzfyX+Eo+uUoK9O07UotxJ2gB3MBQ7R8pNnZio3Lb66w==}
    engines: {node: '>=14.0.0'}
    dependencies:
      '@aws-sdk/types': 3.296.0
      tslib: 2.5.0
    dev: false

  /@aws-sdk/signature-v4/3.299.0:
    resolution: {integrity: sha512-3TtP+S3Tu0Q2/EwJLnN+IEok9nRyez79f6vprqXbC9Lex623cqh/OOYSy2oUjFlIgsIOLPum87/1bfcznYW+yQ==}
    engines: {node: '>=14.0.0'}
    dependencies:
      '@aws-sdk/is-array-buffer': 3.295.0
      '@aws-sdk/types': 3.296.0
      '@aws-sdk/util-hex-encoding': 3.295.0
      '@aws-sdk/util-middleware': 3.296.0
      '@aws-sdk/util-uri-escape': 3.295.0
      '@aws-sdk/util-utf8': 3.295.0
      tslib: 2.5.0
    dev: false

  /@aws-sdk/smithy-client/3.296.0:
    resolution: {integrity: sha512-HEpsLNozGe9XOWouq5A1TFw5KhFodi8tZqYVNEbSpLoRR+EQKf6OCRvKIRkOn7FnnaOasOR1n7S0D51UG6/irw==}
    engines: {node: '>=14.0.0'}
    dependencies:
      '@aws-sdk/middleware-stack': 3.296.0
      '@aws-sdk/types': 3.296.0
      tslib: 2.5.0
    dev: false

  /@aws-sdk/token-providers/3.299.0:
    resolution: {integrity: sha512-gCTxmg2IdXg0/mFV6tmOgNiqGmLeEXDejwyz6dT1P76CvgwjdM9bJ+gSRlKLa+jS49L/vqAZD6Hq/i1ZJmXRag==}
    engines: {node: '>=14.0.0'}
    dependencies:
      '@aws-sdk/client-sso-oidc': 3.299.0
      '@aws-sdk/property-provider': 3.296.0
      '@aws-sdk/shared-ini-file-loader': 3.296.0
      '@aws-sdk/types': 3.296.0
      tslib: 2.5.0
    transitivePeerDependencies:
      - aws-crt
    dev: false

  /@aws-sdk/types/3.296.0:
    resolution: {integrity: sha512-s0wIac64rrMEo2ioUxP9IarGiiCGmelCspNcoNTPSjGl25QqjhyfQqTeGgS58qJ4fHoQb07qra39930xp1IzJg==}
    engines: {node: '>=14.0.0'}
    dependencies:
      tslib: 2.5.0
    dev: false

  /@aws-sdk/url-parser/3.296.0:
    resolution: {integrity: sha512-nBgeGF+ziuDSLz+y8UAl6zL2tXxDwh3wqeXFe9ZcR4YW71BWuh+vEqEsaEMutOrfnJacCrYKTs9TkIOW41cEGg==}
    dependencies:
      '@aws-sdk/querystring-parser': 3.296.0
      '@aws-sdk/types': 3.296.0
      tslib: 2.5.0
    dev: false

  /@aws-sdk/util-base64/3.295.0:
    resolution: {integrity: sha512-z1r40BsBiOTALnzASvLb4qutGwPpL+jH2UKTCV5WJLXZFMzRnpZaRfeZGE8lMJ/i0+jv9H9G1FmVzE8UgB4rhw==}
    engines: {node: '>=14.0.0'}
    dependencies:
      '@aws-sdk/util-buffer-from': 3.295.0
      tslib: 2.5.0
    dev: false

  /@aws-sdk/util-body-length-browser/3.295.0:
    resolution: {integrity: sha512-NbG4/RSHV1VueStPRclSo5zRjNUmcDlNAs29sniZF+YaN0+Ad7hEdu/YgJw39shBfUaurz2Wv0pufU3cxE5Tng==}
    dependencies:
      tslib: 2.5.0
    dev: false

  /@aws-sdk/util-body-length-node/3.295.0:
    resolution: {integrity: sha512-dvGf8VBmrT66lM0n6P/h7wnlHS4Atafyivyl8f4TUCMvRdpqryvvrtnX6yYcq3T7VKQmas/2SOlgDvcrhGXaiw==}
    engines: {node: '>=14.0.0'}
    dependencies:
      tslib: 2.5.0
    dev: false

  /@aws-sdk/util-buffer-from/3.295.0:
    resolution: {integrity: sha512-5ezVEITQnrQKn+CU9qfZHgRp2nrrbX0Clmlm9aiNjAEQEPHY33tWl0t6n8h8yU+IpGiNRMWBVC4aSJaE5NA1mA==}
    engines: {node: '>=14.0.0'}
    dependencies:
      '@aws-sdk/is-array-buffer': 3.295.0
      tslib: 2.5.0
    dev: false

  /@aws-sdk/util-config-provider/3.295.0:
    resolution: {integrity: sha512-/5Dl1aV2yI8YQjqwmg4RTnl/E9NmNsx7HIwBZt+dTcOrM0LMUwczQBFFcLyqCj/qv5y+VsvLoAAA/OiBT7hb3w==}
    engines: {node: '>=14.0.0'}
    dependencies:
      tslib: 2.5.0
    dev: false

  /@aws-sdk/util-defaults-mode-browser/3.296.0:
    resolution: {integrity: sha512-R+nzc0PuTMaOG3LV4FoS5W7oMAqqr8G1IyI+A4Q5iem6YDMF157qV5h6wpIt3A8n9YfjyssLsAT/WPfyv/M79w==}
    engines: {node: '>= 10.0.0'}
    dependencies:
      '@aws-sdk/property-provider': 3.296.0
      '@aws-sdk/types': 3.296.0
      bowser: 2.11.0
      tslib: 2.5.0
    dev: false

  /@aws-sdk/util-defaults-mode-node/3.299.0:
    resolution: {integrity: sha512-/7Ii0knBd9yGJ9ut89M90vqELtjQ+1c1Q3vA4o9ycof/mtn+VICtZ5UbQP+apAfCKVH+e0aeJNVRVibGVLXS+A==}
    engines: {node: '>= 10.0.0'}
    dependencies:
      '@aws-sdk/config-resolver': 3.299.0
      '@aws-sdk/credential-provider-imds': 3.296.0
      '@aws-sdk/node-config-provider': 3.296.0
      '@aws-sdk/property-provider': 3.296.0
      '@aws-sdk/types': 3.296.0
      tslib: 2.5.0
    dev: false

  /@aws-sdk/util-endpoints/3.296.0:
    resolution: {integrity: sha512-YraGGLJepXM6HCTaqEGTFf8RFRBdJ0C6uG5k0kVhiXmYxBkeupn8J07CVp9jfWqcPYWElAnMGVEZKU1OjRo4HQ==}
    engines: {node: '>=14.0.0'}
    dependencies:
      '@aws-sdk/types': 3.296.0
      tslib: 2.5.0
    dev: false

  /@aws-sdk/util-hex-encoding/3.295.0:
    resolution: {integrity: sha512-XJcoVo41kHzhe28PBm/rqt5mdCp8R6abwiW9ug1dA6FOoPUO8kBUxDv6xaOmA2hfRvd2ocFfBXaUCBqUowkGcQ==}
    engines: {node: '>=14.0.0'}
    dependencies:
      tslib: 2.5.0
    dev: false

  /@aws-sdk/util-locate-window/3.295.0:
    resolution: {integrity: sha512-d/s+zhUx5Kh4l/ecMP/TBjzp1GR/g89Q4nWH6+wH5WgdHsK+LG+vmsk6mVNuP/8wsCofYG4NBqp5Ulbztbm9QA==}
    engines: {node: '>=14.0.0'}
    dependencies:
      tslib: 2.5.0
    dev: false

  /@aws-sdk/util-middleware/3.296.0:
    resolution: {integrity: sha512-MNWU+doVuX+mIehEManP6OP+f08T33qQpHoBqKIeKpn3TjZjMHG7ujACTkJiEOHUrnwTov7h0Sm+3OZwk3kh9w==}
    engines: {node: '>=14.0.0'}
    dependencies:
      tslib: 2.5.0
    dev: false

  /@aws-sdk/util-retry/3.296.0:
    resolution: {integrity: sha512-0mh7SqOMjuJ4vE423SzA/AfCLM68jykbfpEBkTmfqkpjkeQSW+UXHAUdXsMmfzIneiq7go5Z548F868C3cZnwQ==}
    engines: {node: '>= 14.0.0'}
    dependencies:
      '@aws-sdk/service-error-classification': 3.296.0
      tslib: 2.5.0
    dev: false

  /@aws-sdk/util-uri-escape/3.295.0:
    resolution: {integrity: sha512-1H5DcyIoXF8XcPBWf7wzHt0l+TW2EoR8Oq4gsVrPTQkHMTVclC2Yn8EF3gc4arwVBzwLulI9LMBE2L8fexGfTQ==}
    engines: {node: '>=14.0.0'}
    dependencies:
      tslib: 2.5.0
    dev: false

  /@aws-sdk/util-user-agent-browser/3.299.0:
    resolution: {integrity: sha512-TRPAemTDzqxCxbpVkXV+Sp9JbEo0JdT/W8qzP/uuOdglZlNXM+SadkOuNFmqr2KG83bJE6lvomGJcJb9vMN4XQ==}
    dependencies:
      '@aws-sdk/types': 3.296.0
      bowser: 2.11.0
      tslib: 2.5.0
    dev: false

  /@aws-sdk/util-user-agent-node/3.299.0:
    resolution: {integrity: sha512-GXA8pCDlQ4Rj+sZErZZfuFuwVnCAph/EvpmwdRNu99v9hX3Q2+HEcS+zM4zBqKDnW1DvaJoxr4SMrk9KBxHUmQ==}
    engines: {node: '>=14.0.0'}
    peerDependencies:
      aws-crt: '>=1.0.0'
    peerDependenciesMeta:
      aws-crt:
        optional: true
    dependencies:
      '@aws-sdk/node-config-provider': 3.296.0
      '@aws-sdk/types': 3.296.0
      tslib: 2.5.0
    dev: false

  /@aws-sdk/util-utf8-browser/3.259.0:
    resolution: {integrity: sha512-UvFa/vR+e19XookZF8RzFZBrw2EUkQWxiBW0yYQAhvk3C+QVGl0H3ouca8LDBlBfQKXwmW3huo/59H8rwb1wJw==}
    dependencies:
      tslib: 2.5.0
    dev: false

  /@aws-sdk/util-utf8/3.295.0:
    resolution: {integrity: sha512-ITN8v3F63ZkA4sdmCtSbS/mhav4F0MEAiXDAUXtMJLNqVtaVcyQST4i9vNmPpIVthAPAtP0QjyF2tq/Di8bxtQ==}
    engines: {node: '>=14.0.0'}
    dependencies:
      '@aws-sdk/util-buffer-from': 3.295.0
      tslib: 2.5.0
    dev: false

  /@aws-sdk/util-waiter/3.296.0:
    resolution: {integrity: sha512-L57uIC74VyTjAdCH0wQqtvJtwK4+gIT/51K/BJHEqVg6C1pOwgrdT6dHC3q8b+gdOrZ6Ff/vTEfh7FZmVcPPjg==}
    engines: {node: '>=14.0.0'}
    dependencies:
      '@aws-sdk/abort-controller': 3.296.0
      '@aws-sdk/types': 3.296.0
      tslib: 2.5.0
    dev: false

  /@types/node/16.18.19:
    resolution: {integrity: sha512-Qd2EhjbjOKZuHMn+IJc2EUYwdkJw9kgsZ3k2zdyi2uIBH0hU00Yd9T5rpMq6KRiFvpscpXUQRjJSaJHH29ei8A==}
    dev: false

  /bowser/2.11.0:
    resolution: {integrity: sha512-AlcaJBi/pqqJBIQ8U9Mcpc9i8Aqxn88Skv5d+xBX006BY5u8N3mGLHa5Lgppa7L/HfwgwLgZ6NYs+Ag6uUmJRA==}
    dev: false

  /fast-xml-parser/4.1.2:
    resolution: {integrity: sha512-CDYeykkle1LiA/uqQyNwYpFbyF6Axec6YapmpUP+/RHWIoR1zKjocdvNaTsxCxZzQ6v9MLXaSYm9Qq0thv0DHg==}
    hasBin: true
    dependencies:
      strnum: 1.0.5
    dev: false

  /strnum/1.0.5:
    resolution: {integrity: sha512-J8bbNyKKXl5qYcR36TIO8W3mVGVHrmmxsd5PAItGkmyzwJvybiw2IVq5nqd0i4LSNSkB/sx9VHllbfFdr9k1JA==}
    dev: false

  /tslib/1.14.1:
    resolution: {integrity: sha512-Xni35NKzjgMrwevysHTCArtLDpPvye8zV/0E4EyYn43P7/7qvQwPh9BGkHewbMulVntbigmcT7rdX3BNo9wRJg==}
    dev: false

  /tslib/2.5.0:
    resolution: {integrity: sha512-336iVw3rtn2BUK7ORdIAHTyxHGRIHVReokCR3XjbckJMK7ms8FysBfhLR8IXnAgy7T0PTPNBWKiH514FOW/WSg==}
    dev: false

  /uuid/8.3.2:
    resolution: {integrity: sha512-+NYs2QeMWy+GWFOEm9xnn6HCDp0l7QBD7ml8zLUmJ+93Q5NF0NocErnwkTkXVFNiX3/fpC6afS8Dhb/gz7R7eg==}
    hasBin: true
    dev: false
